
Microsoft Visual Studio Solution File, Format Version 12.00
# Visual Studio 15
Project("{FAE04EC0-301F-11D3-BF4B-00C04F79EFBC}") = "PeopleSearch", "PeopleSearch\PeopleSearch.csproj", "{479F8CF4-0E6F-494D-A5E2-E2C69F134D72}"
EndProject
Project("{FAE04EC0-301F-11D3-BF4B-00C04F79EFBC}") = "PeopleSearch.Tests", "PeopleSearch.Tests\PeopleSearch.Tests.csproj", "{B6FC6531-6A9A-47AD-B35D-95BEEE14DA1C}"
EndProject
Project("{2150E333-8FDC-42A3-9474-1A3956D46DE8}") = "Solution Items", "Solution Items", "{880848A2-6156-48D8-BFBE-C234873659AF}"
	ProjectSection(SolutionItems) = preProject
		README.md = README.md
	EndProjectSection
EndProject
Global
	GlobalSection(SolutionConfigurationPlatforms) = preSolution
		Debug|Any CPU = Debug|Any CPU
		Release|Any CPU = Release|Any CPU
	EndGlobalSection
	GlobalSection(ProjectConfigurationPlatforms) = postSolution
		{479F8CF4-0E6F-494D-A5E2-E2C69F134D72}.Debug|Any CPU.ActiveCfg = Debug|Any CPU
		{479F8CF4-0E6F-494D-A5E2-E2C69F134D72}.Debug|Any CPU.Build.0 = Debug|Any CPU
		{479F8CF4-0E6F-494D-A5E2-E2C69F134D72}.Release|Any CPU.ActiveCfg = Release|Any CPU
		{479F8CF4-0E6F-494D-A5E2-E2C69F134D72}.Release|Any CPU.Build.0 = Release|Any CPU
		{B6FC6531-6A9A-47AD-B35D-95BEEE14DA1C}.Debug|Any CPU.ActiveCfg = Debug|Any CPU
		{B6FC6531-6A9A-47AD-B35D-95BEEE14DA1C}.Debug|Any CPU.Build.0 = Debug|Any CPU
		{B6FC6531-6A9A-47AD-B35D-95BEEE14DA1C}.Release|Any CPU.ActiveCfg = Release|Any CPU
		{B6FC6531-6A9A-47AD-B35D-95BEEE14DA1C}.Release|Any CPU.Build.0 = Release|Any CPU
	EndGlobalSection
EndGlobal
